{
  "name": "root-cause-power-backend",
  "version": "1.0.0",
  "description": "Backend APIs for Root Cause Power Revolutionary AI Healthcare Platform",
  "main": "api/index.js",
  "scripts": {
    "dev": "vercel dev",
    "build": "vercel build",
    "deploy": "vercel --prod"
  },
  "dependencies": {
    "node-fetch": "^3.3.2"
  },
  "engines": {
    "node": ">=18.0.0"
  },
  "keywords": [
    "healthcare",
    "ai",
    "groq",
    "hume",
    "therapy",
    "assessment"
  ],
  "author": "Root Cause Power",
  "license": "MIT"
}
